
Microsoft Visual Studio Solution File, Format Version 12.00
# Visual Studio Version 17
VisualStudioVersion = 17.1.32407.343
MinimumVisualStudioVersion = 10.0.40219.1
Project("{FAE04EC0-301F-11D3-BF4B-00C04F79EFBC}") = "EsVerificaThread", "EsVerificaThread\EsVerificaThread.csproj", "{51341484-3177-4224-B507-75BF3148907C}"
EndProject
Global
	GlobalSection(SolutionConfigurationPlatforms) = preSolution
		Debug|Any CPU = Debug|Any CPU
		Release|Any CPU = Release|Any CPU
	EndGlobalSection
	GlobalSection(ProjectConfigurationPlatforms) = postSolution
		{51341484-3177-4224-B507-75BF3148907C}.Debug|Any CPU.ActiveCfg = Debug|Any CPU
		{51341484-3177-4224-B507-75BF3148907C}.Debug|Any CPU.Build.0 = Debug|Any CPU
		{51341484-3177-4224-B507-75BF3148907C}.Release|Any CPU.ActiveCfg = Release|Any CPU
		{51341484-3177-4224-B507-75BF3148907C}.Release|Any CPU.Build.0 = Release|Any CPU
	EndGlobalSection
	GlobalSection(SolutionProperties) = preSolution
		HideSolutionNode = FALSE
	EndGlobalSection
	GlobalSection(ExtensibilityGlobals) = postSolution
		SolutionGuid = {7C1D7077-17BE-43B2-A814-38DFBA61F2B7}
	EndGlobalSection
EndGlobal
